
Microsoft Visual Studio Solution File, Format Version 12.00
# Visual Studio Version 16
VisualStudioVersion = 16.0.30011.22
MinimumVisualStudioVersion = 10.0.40219.1
Project("{FAE04EC0-301F-11D3-BF4B-00C04F79EFBC}") = "Chip-8-Emulator", "Chip-8-Emulator.csproj", "{30213CFF-179A-45D7-B7AA-F2B512EBF0BC}"
EndProject
Global
	GlobalSection(SolutionConfigurationPlatforms) = preSolution
		Debug|Any CPU = Debug|Any CPU
		Release|Any CPU = Release|Any CPU
	EndGlobalSection
	GlobalSection(ProjectConfigurationPlatforms) = postSolution
		{30213CFF-179A-45D7-B7AA-F2B512EBF0BC}.Debug|Any CPU.ActiveCfg = Debug|Any CPU
		{30213CFF-179A-45D7-B7AA-F2B512EBF0BC}.Debug|Any CPU.Build.0 = Debug|Any CPU
		{30213CFF-179A-45D7-B7AA-F2B512EBF0BC}.Release|Any CPU.ActiveCfg = Release|Any CPU
		{30213CFF-179A-45D7-B7AA-F2B512EBF0BC}.Release|Any CPU.Build.0 = Release|Any CPU
	EndGlobalSection
	GlobalSection(SolutionProperties) = preSolution
		HideSolutionNode = FALSE
	EndGlobalSection
	GlobalSection(ExtensibilityGlobals) = postSolution
		SolutionGuid = {4F644539-1866-49B8-A2B1-5435F84B352B}
	EndGlobalSection
EndGlobal
